
Microsoft Visual Studio Solution File, Format Version 12.00
# Visual Studio Version 17
VisualStudioVersion = 17.12.35707.178 d17.12
MinimumVisualStudioVersion = 10.0.40219.1
Project("{FAE04EC0-301F-11D3-BF4B-00C04F79EFBC}") = "ZenMonkey.Hub.Api", "ZenMonkey.Hub.Api\ZenMonkey.Hub.Api.csproj", "{786DED40-C7CE-484B-951B-C64989FB5175}"
EndProject
Project("{FAE04EC0-301F-11D3-BF4B-00C04F79EFBC}") = "ZenMonkey.Application", "ZenMonkey.Application\ZenMonkey.Application.csproj", "{4F5AF241-54B5-41F8-81DF-210C40F27006}"
EndProject
Project("{2150E333-8FDC-42A3-9474-1A3956D46DE8}") = "01 - Hosts", "01 - Hosts", "{DEFBC78C-2D3F-4C27-AB28-FFCF9557D159}"
EndProject
Project("{2150E333-8FDC-42A3-9474-1A3956D46DE8}") = "02 - Application", "02 - Application", "{8C97D273-02AF-4905-9568-E2C4B41F0AEA}"
EndProject
Project("{FAE04EC0-301F-11D3-BF4B-00C04F79EFBC}") = "ZenMonkey.Hub.Domain", "ZenMonkey.Hub.Domain\ZenMonkey.Hub.Domain.csproj", "{19D52D18-BD5B-4851-9B67-EC22EC761459}"
EndProject
Project("{2150E333-8FDC-42A3-9474-1A3956D46DE8}") = "03 - Infrastructure", "03 - Infrastructure", "{495ADE36-CA29-4032-880E-0E1FC6AC833A}"
EndProject
Project("{FAE04EC0-301F-11D3-BF4B-00C04F79EFBC}") = "ZenMonkey.Hub.Infrastructure", "ZenMonkey.Hub.Infrastructure\ZenMonkey.Hub.Infrastructure.csproj", "{2FF14A16-D507-4B73-B590-5905BC904E9C}"
EndProject
Global
	GlobalSection(SolutionConfigurationPlatforms) = preSolution
		Debug|Any CPU = Debug|Any CPU
		Release|Any CPU = Release|Any CPU
	EndGlobalSection
	GlobalSection(ProjectConfigurationPlatforms) = postSolution
		{786DED40-C7CE-484B-951B-C64989FB5175}.Debug|Any CPU.ActiveCfg = Debug|Any CPU
		{786DED40-C7CE-484B-951B-C64989FB5175}.Debug|Any CPU.Build.0 = Debug|Any CPU
		{786DED40-C7CE-484B-951B-C64989FB5175}.Release|Any CPU.ActiveCfg = Release|Any CPU
		{786DED40-C7CE-484B-951B-C64989FB5175}.Release|Any CPU.Build.0 = Release|Any CPU
		{4F5AF241-54B5-41F8-81DF-210C40F27006}.Debug|Any CPU.ActiveCfg = Debug|Any CPU
		{4F5AF241-54B5-41F8-81DF-210C40F27006}.Debug|Any CPU.Build.0 = Debug|Any CPU
		{4F5AF241-54B5-41F8-81DF-210C40F27006}.Release|Any CPU.ActiveCfg = Release|Any CPU
		{4F5AF241-54B5-41F8-81DF-210C40F27006}.Release|Any CPU.Build.0 = Release|Any CPU
		{19D52D18-BD5B-4851-9B67-EC22EC761459}.Debug|Any CPU.ActiveCfg = Debug|Any CPU
		{19D52D18-BD5B-4851-9B67-EC22EC761459}.Debug|Any CPU.Build.0 = Debug|Any CPU
		{19D52D18-BD5B-4851-9B67-EC22EC761459}.Release|Any CPU.ActiveCfg = Release|Any CPU
		{19D52D18-BD5B-4851-9B67-EC22EC761459}.Release|Any CPU.Build.0 = Release|Any CPU
		{2FF14A16-D507-4B73-B590-5905BC904E9C}.Debug|Any CPU.ActiveCfg = Debug|Any CPU
		{2FF14A16-D507-4B73-B590-5905BC904E9C}.Debug|Any CPU.Build.0 = Debug|Any CPU
		{2FF14A16-D507-4B73-B590-5905BC904E9C}.Release|Any CPU.ActiveCfg = Release|Any CPU
		{2FF14A16-D507-4B73-B590-5905BC904E9C}.Release|Any CPU.Build.0 = Release|Any CPU
	EndGlobalSection
	GlobalSection(SolutionProperties) = preSolution
		HideSolutionNode = FALSE
	EndGlobalSection
	GlobalSection(NestedProjects) = preSolution
		{786DED40-C7CE-484B-951B-C64989FB5175} = {DEFBC78C-2D3F-4C27-AB28-FFCF9557D159}
		{4F5AF241-54B5-41F8-81DF-210C40F27006} = {8C97D273-02AF-4905-9568-E2C4B41F0AEA}
		{19D52D18-BD5B-4851-9B67-EC22EC761459} = {8C97D273-02AF-4905-9568-E2C4B41F0AEA}
		{2FF14A16-D507-4B73-B590-5905BC904E9C} = {495ADE36-CA29-4032-880E-0E1FC6AC833A}
	EndGlobalSection
EndGlobal
